
Microsoft Visual Studio Solution File, Format Version 12.00
# Visual Studio Version 17
VisualStudioVersion = 17.9.34728.123
MinimumVisualStudioVersion = 10.0.40219.1
Project("{9A19103F-16F7-4668-BE54-9A1E7A4F7556}") = "Swag.Client.ConsoleApp", "Swag.Client.ConsoleApp\Swag.Client.ConsoleApp.csproj", "{A57626E6-AD1A-47CE-AF77-D38DDA14A01E}"
EndProject
Project("{9A19103F-16F7-4668-BE54-9A1E7A4F7556}") = "Swag.Resource.Data.SwagDb", "Swag.Resource.Data.SwagDb\Swag.Resource.Data.SwagDb.csproj", "{DCCAE5C9-A202-4F17-9382-E84E55AC910F}"
EndProject
Project("{9A19103F-16F7-4668-BE54-9A1E7A4F7556}") = "Swag.Framework", "Swag.Framework\Swag.Framework.csproj", "{F10DB5E1-9CB4-498C-901E-37D41E3EB623}"
EndProject
Project("{2150E333-8FDC-42A3-9474-1A3956D46DE8}") = "Clients", "Clients", "{B90802E3-FB85-4721-B4F6-925DAB5B3D4E}"
EndProject
Project("{2150E333-8FDC-42A3-9474-1A3956D46DE8}") = "Components", "Components", "{983341AD-0AFC-4B8A-9992-7779574AA268}"
EndProject
Project("{2150E333-8FDC-42A3-9474-1A3956D46DE8}") = "Resources", "Resources", "{69ED0996-A380-47DC-9173-A20B1AF3F3B3}"
EndProject
Project("{2150E333-8FDC-42A3-9474-1A3956D46DE8}") = "Framework", "Framework", "{D70EB3E6-1D0C-4313-A74F-ADAD3D621236}"
EndProject
Project("{2150E333-8FDC-42A3-9474-1A3956D46DE8}") = "Accessors", "Accessors", "{3329AC1C-8D03-4B34-B984-20050E4256BB}"
EndProject
Project("{2150E333-8FDC-42A3-9474-1A3956D46DE8}") = "Engines", "Engines", "{9211EEDF-AF33-4E42-9D9C-42E010F8C374}"
EndProject
Project("{2150E333-8FDC-42A3-9474-1A3956D46DE8}") = "Managers", "Managers", "{D25A4041-2968-40F5-AF97-B33115D2AC4F}"
EndProject
Project("{2150E333-8FDC-42A3-9474-1A3956D46DE8}") = "Data", "Data", "{2B47FD45-8E0E-4D1B-A44C-8F0AB793DE22}"
EndProject
Project("{2150E333-8FDC-42A3-9474-1A3956D46DE8}") = "Calculator", "Calculator", "{632CBABC-0A2F-40FB-8AB6-5CB49240D19E}"
EndProject
Project("{2150E333-8FDC-42A3-9474-1A3956D46DE8}") = "Calculation", "Calculation", "{2BE7094C-45EF-4D17-A0E9-DC0468D05389}"
EndProject
Project("{9A19103F-16F7-4668-BE54-9A1E7A4F7556}") = "Swag.Access.Data.Interface", "Swag.Access.Data.Interface\Swag.Access.Data.Interface.csproj", "{ED665C74-774A-443D-A8CF-6C6DDEC940DE}"
EndProject
Project("{9A19103F-16F7-4668-BE54-9A1E7A4F7556}") = "Swag.Access.Data.Service", "Swag.Access.Data.Service\Swag.Access.Data.Service.csproj", "{0EFCC10D-2416-4ECC-82E7-1DB3134B2DB3}"
EndProject
Project("{9A19103F-16F7-4668-BE54-9A1E7A4F7556}") = "Swag.Engine.Calculator.Interface", "Swag.Engine.Calculator.Interface\Swag.Engine.Calculator.Interface.csproj", "{91E15894-0359-4311-B236-72DE810EEC70}"
EndProject
Project("{9A19103F-16F7-4668-BE54-9A1E7A4F7556}") = "Swag.Engine.Calculator.Service", "Swag.Engine.Calculator.Service\Swag.Engine.Calculator.Service.csproj", "{F08E8021-6491-4FEB-A1EE-CDA4DC0D618A}"
EndProject
Project("{9A19103F-16F7-4668-BE54-9A1E7A4F7556}") = "Swag.Manager.Calculation.Interface", "Swag.Manager.Calculation.Interface\Swag.Manager.Calculation.Interface.csproj", "{5678E819-922C-4857-A4FF-D940FC0FE10D}"
EndProject
Project("{9A19103F-16F7-4668-BE54-9A1E7A4F7556}") = "Swag.Manager.Calculation.Service", "Swag.Manager.Calculation.Service\Swag.Manager.Calculation.Service.csproj", "{B7A19506-AB2F-4189-8D1C-BEC98FE9E426}"
EndProject
Global
	GlobalSection(SolutionConfigurationPlatforms) = preSolution
		Debug|Any CPU = Debug|Any CPU
		Release|Any CPU = Release|Any CPU
	EndGlobalSection
	GlobalSection(ProjectConfigurationPlatforms) = postSolution
		{A57626E6-AD1A-47CE-AF77-D38DDA14A01E}.Debug|Any CPU.ActiveCfg = Debug|Any CPU
		{A57626E6-AD1A-47CE-AF77-D38DDA14A01E}.Debug|Any CPU.Build.0 = Debug|Any CPU
		{A57626E6-AD1A-47CE-AF77-D38DDA14A01E}.Release|Any CPU.ActiveCfg = Release|Any CPU
		{A57626E6-AD1A-47CE-AF77-D38DDA14A01E}.Release|Any CPU.Build.0 = Release|Any CPU
		{DCCAE5C9-A202-4F17-9382-E84E55AC910F}.Debug|Any CPU.ActiveCfg = Debug|Any CPU
		{DCCAE5C9-A202-4F17-9382-E84E55AC910F}.Debug|Any CPU.Build.0 = Debug|Any CPU
		{DCCAE5C9-A202-4F17-9382-E84E55AC910F}.Release|Any CPU.ActiveCfg = Release|Any CPU
		{DCCAE5C9-A202-4F17-9382-E84E55AC910F}.Release|Any CPU.Build.0 = Release|Any CPU
		{F10DB5E1-9CB4-498C-901E-37D41E3EB623}.Debug|Any CPU.ActiveCfg = Debug|Any CPU
		{F10DB5E1-9CB4-498C-901E-37D41E3EB623}.Debug|Any CPU.Build.0 = Debug|Any CPU
		{F10DB5E1-9CB4-498C-901E-37D41E3EB623}.Release|Any CPU.ActiveCfg = Release|Any CPU
		{F10DB5E1-9CB4-498C-901E-37D41E3EB623}.Release|Any CPU.Build.0 = Release|Any CPU
		{ED665C74-774A-443D-A8CF-6C6DDEC940DE}.Debug|Any CPU.ActiveCfg = Debug|Any CPU
		{ED665C74-774A-443D-A8CF-6C6DDEC940DE}.Debug|Any CPU.Build.0 = Debug|Any CPU
		{ED665C74-774A-443D-A8CF-6C6DDEC940DE}.Release|Any CPU.ActiveCfg = Release|Any CPU
		{ED665C74-774A-443D-A8CF-6C6DDEC940DE}.Release|Any CPU.Build.0 = Release|Any CPU
		{0EFCC10D-2416-4ECC-82E7-1DB3134B2DB3}.Debug|Any CPU.ActiveCfg = Debug|Any CPU
		{0EFCC10D-2416-4ECC-82E7-1DB3134B2DB3}.Debug|Any CPU.Build.0 = Debug|Any CPU
		{0EFCC10D-2416-4ECC-82E7-1DB3134B2DB3}.Release|Any CPU.ActiveCfg = Release|Any CPU
		{0EFCC10D-2416-4ECC-82E7-1DB3134B2DB3}.Release|Any CPU.Build.0 = Release|Any CPU
		{91E15894-0359-4311-B236-72DE810EEC70}.Debug|Any CPU.ActiveCfg = Debug|Any CPU
		{91E15894-0359-4311-B236-72DE810EEC70}.Debug|Any CPU.Build.0 = Debug|Any CPU
		{91E15894-0359-4311-B236-72DE810EEC70}.Release|Any CPU.ActiveCfg = Release|Any CPU
		{91E15894-0359-4311-B236-72DE810EEC70}.Release|Any CPU.Build.0 = Release|Any CPU
		{F08E8021-6491-4FEB-A1EE-CDA4DC0D618A}.Debug|Any CPU.ActiveCfg = Debug|Any CPU
		{F08E8021-6491-4FEB-A1EE-CDA4DC0D618A}.Debug|Any CPU.Build.0 = Debug|Any CPU
		{F08E8021-6491-4FEB-A1EE-CDA4DC0D618A}.Release|Any CPU.ActiveCfg = Release|Any CPU
		{F08E8021-6491-4FEB-A1EE-CDA4DC0D618A}.Release|Any CPU.Build.0 = Release|Any CPU
		{5678E819-922C-4857-A4FF-D940FC0FE10D}.Debug|Any CPU.ActiveCfg = Debug|Any CPU
		{5678E819-922C-4857-A4FF-D940FC0FE10D}.Debug|Any CPU.Build.0 = Debug|Any CPU
		{5678E819-922C-4857-A4FF-D940FC0FE10D}.Release|Any CPU.ActiveCfg = Release|Any CPU
		{5678E819-922C-4857-A4FF-D940FC0FE10D}.Release|Any CPU.Build.0 = Release|Any CPU
		{B7A19506-AB2F-4189-8D1C-BEC98FE9E426}.Debug|Any CPU.ActiveCfg = Debug|Any CPU
		{B7A19506-AB2F-4189-8D1C-BEC98FE9E426}.Debug|Any CPU.Build.0 = Debug|Any CPU
		{B7A19506-AB2F-4189-8D1C-BEC98FE9E426}.Release|Any CPU.ActiveCfg = Release|Any CPU
		{B7A19506-AB2F-4189-8D1C-BEC98FE9E426}.Release|Any CPU.Build.0 = Release|Any CPU
	EndGlobalSection
	GlobalSection(SolutionProperties) = preSolution
		HideSolutionNode = FALSE
	EndGlobalSection
	GlobalSection(NestedProjects) = preSolution
		{A57626E6-AD1A-47CE-AF77-D38DDA14A01E} = {B90802E3-FB85-4721-B4F6-925DAB5B3D4E}
		{DCCAE5C9-A202-4F17-9382-E84E55AC910F} = {69ED0996-A380-47DC-9173-A20B1AF3F3B3}
		{F10DB5E1-9CB4-498C-901E-37D41E3EB623} = {D70EB3E6-1D0C-4313-A74F-ADAD3D621236}
		{3329AC1C-8D03-4B34-B984-20050E4256BB} = {983341AD-0AFC-4B8A-9992-7779574AA268}
		{9211EEDF-AF33-4E42-9D9C-42E010F8C374} = {983341AD-0AFC-4B8A-9992-7779574AA268}
		{D25A4041-2968-40F5-AF97-B33115D2AC4F} = {983341AD-0AFC-4B8A-9992-7779574AA268}
		{2B47FD45-8E0E-4D1B-A44C-8F0AB793DE22} = {3329AC1C-8D03-4B34-B984-20050E4256BB}
		{632CBABC-0A2F-40FB-8AB6-5CB49240D19E} = {9211EEDF-AF33-4E42-9D9C-42E010F8C374}
		{2BE7094C-45EF-4D17-A0E9-DC0468D05389} = {D25A4041-2968-40F5-AF97-B33115D2AC4F}
		{ED665C74-774A-443D-A8CF-6C6DDEC940DE} = {2B47FD45-8E0E-4D1B-A44C-8F0AB793DE22}
		{0EFCC10D-2416-4ECC-82E7-1DB3134B2DB3} = {2B47FD45-8E0E-4D1B-A44C-8F0AB793DE22}
		{91E15894-0359-4311-B236-72DE810EEC70} = {632CBABC-0A2F-40FB-8AB6-5CB49240D19E}
		{F08E8021-6491-4FEB-A1EE-CDA4DC0D618A} = {632CBABC-0A2F-40FB-8AB6-5CB49240D19E}
		{5678E819-922C-4857-A4FF-D940FC0FE10D} = {2BE7094C-45EF-4D17-A0E9-DC0468D05389}
		{B7A19506-AB2F-4189-8D1C-BEC98FE9E426} = {2BE7094C-45EF-4D17-A0E9-DC0468D05389}
	EndGlobalSection
	GlobalSection(ExtensibilityGlobals) = postSolution
		SolutionGuid = {F663BD7A-1268-4B4C-862D-35DA31F085E9}
	EndGlobalSection
EndGlobal
