
Microsoft Visual Studio Solution File, Format Version 12.00
# Visual Studio Version 17
VisualStudioVersion = 17.9.34728.123
MinimumVisualStudioVersion = 10.0.40219.1
Project("{2150E333-8FDC-42A3-9474-1A3956D46DE8}") = "Clients", "Clients", "{B90802E3-FB85-4721-B4F6-925DAB5B3D4E}"
EndProject
Project("{2150E333-8FDC-42A3-9474-1A3956D46DE8}") = "Components", "Components", "{983341AD-0AFC-4B8A-9992-7779574AA268}"
EndProject
Project("{2150E333-8FDC-42A3-9474-1A3956D46DE8}") = "Resources", "Resources", "{69ED0996-A380-47DC-9173-A20B1AF3F3B3}"
EndProject
Project("{2150E333-8FDC-42A3-9474-1A3956D46DE8}") = "Framework", "Framework", "{D70EB3E6-1D0C-4313-A74F-ADAD3D621236}"
EndProject
Project("{2150E333-8FDC-42A3-9474-1A3956D46DE8}") = "Accessors", "Accessors", "{F2695D78-3BB1-4525-ACBC-C9B00D59B76F}"
EndProject
Project("{2150E333-8FDC-42A3-9474-1A3956D46DE8}") = "Engines", "Engines", "{0DA0C81C-99E9-4D47-A258-82FA0F1B712D}"
EndProject
Project("{2150E333-8FDC-42A3-9474-1A3956D46DE8}") = "Managers", "Managers", "{A4C6AE27-BC6F-4465-BFF5-105CAC5C1A0B}"
EndProject
Project("{FAE04EC0-301F-11D3-BF4B-00C04F79EFBC}") = "Client.Content.WebApi", "Client.Content.WebApi\Client.Content.WebApi.csproj", "{863A17CB-9617-4E51-ACC5-30A03E6C399C}"
EndProject
Project("{FAE04EC0-301F-11D3-BF4B-00C04F79EFBC}") = "Client.Content.Cli", "Client.Content.Cli\Client.Content.Cli.csproj", "{2343AD66-81A2-460D-9AAC-CA87FC5E8753}"
EndProject
Project("{FAE04EC0-301F-11D3-BF4B-00C04F79EFBC}") = "Ifx", "Ifx\Ifx.csproj", "{B79D8C57-CDF4-4F3C-BC05-A5DC4F3FE8AE}"
EndProject
Project("{FAE04EC0-301F-11D3-BF4B-00C04F79EFBC}") = "Engine.Calculating.Contract", "Engine.Calculating.Contract\Engine.Calculating.Contract.csproj", "{43F98048-C92B-4254-8A05-69F7D6F80037}"
EndProject
Project("{FAE04EC0-301F-11D3-BF4B-00C04F79EFBC}") = "Engine.Calculating.Service", "Engine.Calculating.Service\Engine.Calculating.Service.csproj", "{7CDDEFF5-1C95-4D83-B033-D22A47FB68F5}"
EndProject
Project("{FAE04EC0-301F-11D3-BF4B-00C04F79EFBC}") = "Manager.Content.Contract", "Manager.Content.Contract\Manager.Content.Contract.csproj", "{01EC10D0-7571-49F3-9009-AE491038DCE6}"
EndProject
Project("{FAE04EC0-301F-11D3-BF4B-00C04F79EFBC}") = "Manager.Content.Service", "Manager.Content.Service\Manager.Content.Service.csproj", "{BE311EB0-9496-4D4D-AFE4-4C1A6E909AC1}"
EndProject
Project("{FAE04EC0-301F-11D3-BF4B-00C04F79EFBC}") = "Ifx.Cli", "Ifx.Cli\Ifx.Cli.csproj", "{26704270-3CF1-40D2-BE2E-094171E88AA7}"
EndProject
Project("{FAE04EC0-301F-11D3-BF4B-00C04F79EFBC}") = "Ifx.Data", "Ifx.Data\Ifx.Data.csproj", "{DEF8DB28-3401-42F8-8B9A-58AC591B289A}"
EndProject
Project("{FAE04EC0-301F-11D3-BF4B-00C04F79EFBC}") = "Resource.Data.NumbersDB", "Resource.Data.NumbersDB\Resource.Data.NumbersDB.csproj", "{8957805B-A2CD-47BF-B57F-EAE80FF659EA}"
EndProject
Project("{2150E333-8FDC-42A3-9474-1A3956D46DE8}") = "Numbers", "Numbers", "{B4DAAD08-A55F-4E8C-B10C-0EFFB8DF0990}"
EndProject
Project("{FAE04EC0-301F-11D3-BF4B-00C04F79EFBC}") = "Access.Numbers.Contract", "Access.Numbers.Contract\Access.Numbers.Contract.csproj", "{DD9119AC-E3A9-443D-A187-42F28DFB7F5A}"
EndProject
Project("{FAE04EC0-301F-11D3-BF4B-00C04F79EFBC}") = "Access.Numbers.Service", "Access.Numbers.Service\Access.Numbers.Service.csproj", "{2D4D4267-8FF9-4449-A0E7-C9E6BCCC0AD7}"
EndProject
Project("{2150E333-8FDC-42A3-9474-1A3956D46DE8}") = "Calculating", "Calculating", "{AF795B35-3102-4F28-8AC1-80608F2011C6}"
EndProject
Project("{2150E333-8FDC-42A3-9474-1A3956D46DE8}") = "Content", "Content", "{9357F03E-8A6F-4A19-9D09-723DF4B1E1CD}"
EndProject
Global
	GlobalSection(SolutionConfigurationPlatforms) = preSolution
		Debug|Any CPU = Debug|Any CPU
		Release|Any CPU = Release|Any CPU
	EndGlobalSection
	GlobalSection(ProjectConfigurationPlatforms) = postSolution
		{863A17CB-9617-4E51-ACC5-30A03E6C399C}.Debug|Any CPU.ActiveCfg = Debug|Any CPU
		{863A17CB-9617-4E51-ACC5-30A03E6C399C}.Debug|Any CPU.Build.0 = Debug|Any CPU
		{863A17CB-9617-4E51-ACC5-30A03E6C399C}.Release|Any CPU.ActiveCfg = Release|Any CPU
		{863A17CB-9617-4E51-ACC5-30A03E6C399C}.Release|Any CPU.Build.0 = Release|Any CPU
		{2343AD66-81A2-460D-9AAC-CA87FC5E8753}.Debug|Any CPU.ActiveCfg = Debug|Any CPU
		{2343AD66-81A2-460D-9AAC-CA87FC5E8753}.Debug|Any CPU.Build.0 = Debug|Any CPU
		{2343AD66-81A2-460D-9AAC-CA87FC5E8753}.Release|Any CPU.ActiveCfg = Release|Any CPU
		{2343AD66-81A2-460D-9AAC-CA87FC5E8753}.Release|Any CPU.Build.0 = Release|Any CPU
		{B79D8C57-CDF4-4F3C-BC05-A5DC4F3FE8AE}.Debug|Any CPU.ActiveCfg = Debug|Any CPU
		{B79D8C57-CDF4-4F3C-BC05-A5DC4F3FE8AE}.Debug|Any CPU.Build.0 = Debug|Any CPU
		{B79D8C57-CDF4-4F3C-BC05-A5DC4F3FE8AE}.Release|Any CPU.ActiveCfg = Release|Any CPU
		{B79D8C57-CDF4-4F3C-BC05-A5DC4F3FE8AE}.Release|Any CPU.Build.0 = Release|Any CPU
		{43F98048-C92B-4254-8A05-69F7D6F80037}.Debug|Any CPU.ActiveCfg = Debug|Any CPU
		{43F98048-C92B-4254-8A05-69F7D6F80037}.Debug|Any CPU.Build.0 = Debug|Any CPU
		{43F98048-C92B-4254-8A05-69F7D6F80037}.Release|Any CPU.ActiveCfg = Release|Any CPU
		{43F98048-C92B-4254-8A05-69F7D6F80037}.Release|Any CPU.Build.0 = Release|Any CPU
		{7CDDEFF5-1C95-4D83-B033-D22A47FB68F5}.Debug|Any CPU.ActiveCfg = Debug|Any CPU
		{7CDDEFF5-1C95-4D83-B033-D22A47FB68F5}.Debug|Any CPU.Build.0 = Debug|Any CPU
		{7CDDEFF5-1C95-4D83-B033-D22A47FB68F5}.Release|Any CPU.ActiveCfg = Release|Any CPU
		{7CDDEFF5-1C95-4D83-B033-D22A47FB68F5}.Release|Any CPU.Build.0 = Release|Any CPU
		{01EC10D0-7571-49F3-9009-AE491038DCE6}.Debug|Any CPU.ActiveCfg = Debug|Any CPU
		{01EC10D0-7571-49F3-9009-AE491038DCE6}.Debug|Any CPU.Build.0 = Debug|Any CPU
		{01EC10D0-7571-49F3-9009-AE491038DCE6}.Release|Any CPU.ActiveCfg = Release|Any CPU
		{01EC10D0-7571-49F3-9009-AE491038DCE6}.Release|Any CPU.Build.0 = Release|Any CPU
		{BE311EB0-9496-4D4D-AFE4-4C1A6E909AC1}.Debug|Any CPU.ActiveCfg = Debug|Any CPU
		{BE311EB0-9496-4D4D-AFE4-4C1A6E909AC1}.Debug|Any CPU.Build.0 = Debug|Any CPU
		{BE311EB0-9496-4D4D-AFE4-4C1A6E909AC1}.Release|Any CPU.ActiveCfg = Release|Any CPU
		{BE311EB0-9496-4D4D-AFE4-4C1A6E909AC1}.Release|Any CPU.Build.0 = Release|Any CPU
		{26704270-3CF1-40D2-BE2E-094171E88AA7}.Debug|Any CPU.ActiveCfg = Debug|Any CPU
		{26704270-3CF1-40D2-BE2E-094171E88AA7}.Debug|Any CPU.Build.0 = Debug|Any CPU
		{26704270-3CF1-40D2-BE2E-094171E88AA7}.Release|Any CPU.ActiveCfg = Release|Any CPU
		{26704270-3CF1-40D2-BE2E-094171E88AA7}.Release|Any CPU.Build.0 = Release|Any CPU
		{DEF8DB28-3401-42F8-8B9A-58AC591B289A}.Debug|Any CPU.ActiveCfg = Debug|Any CPU
		{DEF8DB28-3401-42F8-8B9A-58AC591B289A}.Debug|Any CPU.Build.0 = Debug|Any CPU
		{DEF8DB28-3401-42F8-8B9A-58AC591B289A}.Release|Any CPU.ActiveCfg = Release|Any CPU
		{DEF8DB28-3401-42F8-8B9A-58AC591B289A}.Release|Any CPU.Build.0 = Release|Any CPU
		{8957805B-A2CD-47BF-B57F-EAE80FF659EA}.Debug|Any CPU.ActiveCfg = Debug|Any CPU
		{8957805B-A2CD-47BF-B57F-EAE80FF659EA}.Debug|Any CPU.Build.0 = Debug|Any CPU
		{8957805B-A2CD-47BF-B57F-EAE80FF659EA}.Release|Any CPU.ActiveCfg = Release|Any CPU
		{8957805B-A2CD-47BF-B57F-EAE80FF659EA}.Release|Any CPU.Build.0 = Release|Any CPU
		{DD9119AC-E3A9-443D-A187-42F28DFB7F5A}.Debug|Any CPU.ActiveCfg = Debug|Any CPU
		{DD9119AC-E3A9-443D-A187-42F28DFB7F5A}.Debug|Any CPU.Build.0 = Debug|Any CPU
		{DD9119AC-E3A9-443D-A187-42F28DFB7F5A}.Release|Any CPU.ActiveCfg = Release|Any CPU
		{DD9119AC-E3A9-443D-A187-42F28DFB7F5A}.Release|Any CPU.Build.0 = Release|Any CPU
		{2D4D4267-8FF9-4449-A0E7-C9E6BCCC0AD7}.Debug|Any CPU.ActiveCfg = Debug|Any CPU
		{2D4D4267-8FF9-4449-A0E7-C9E6BCCC0AD7}.Debug|Any CPU.Build.0 = Debug|Any CPU
		{2D4D4267-8FF9-4449-A0E7-C9E6BCCC0AD7}.Release|Any CPU.ActiveCfg = Release|Any CPU
		{2D4D4267-8FF9-4449-A0E7-C9E6BCCC0AD7}.Release|Any CPU.Build.0 = Release|Any CPU
	EndGlobalSection
	GlobalSection(SolutionProperties) = preSolution
		HideSolutionNode = FALSE
	EndGlobalSection
	GlobalSection(NestedProjects) = preSolution
		{F2695D78-3BB1-4525-ACBC-C9B00D59B76F} = {983341AD-0AFC-4B8A-9992-7779574AA268}
		{0DA0C81C-99E9-4D47-A258-82FA0F1B712D} = {983341AD-0AFC-4B8A-9992-7779574AA268}
		{A4C6AE27-BC6F-4465-BFF5-105CAC5C1A0B} = {983341AD-0AFC-4B8A-9992-7779574AA268}
		{863A17CB-9617-4E51-ACC5-30A03E6C399C} = {B90802E3-FB85-4721-B4F6-925DAB5B3D4E}
		{2343AD66-81A2-460D-9AAC-CA87FC5E8753} = {B90802E3-FB85-4721-B4F6-925DAB5B3D4E}
		{B79D8C57-CDF4-4F3C-BC05-A5DC4F3FE8AE} = {D70EB3E6-1D0C-4313-A74F-ADAD3D621236}
		{43F98048-C92B-4254-8A05-69F7D6F80037} = {AF795B35-3102-4F28-8AC1-80608F2011C6}
		{7CDDEFF5-1C95-4D83-B033-D22A47FB68F5} = {AF795B35-3102-4F28-8AC1-80608F2011C6}
		{01EC10D0-7571-49F3-9009-AE491038DCE6} = {9357F03E-8A6F-4A19-9D09-723DF4B1E1CD}
		{BE311EB0-9496-4D4D-AFE4-4C1A6E909AC1} = {9357F03E-8A6F-4A19-9D09-723DF4B1E1CD}
		{26704270-3CF1-40D2-BE2E-094171E88AA7} = {D70EB3E6-1D0C-4313-A74F-ADAD3D621236}
		{DEF8DB28-3401-42F8-8B9A-58AC591B289A} = {D70EB3E6-1D0C-4313-A74F-ADAD3D621236}
		{8957805B-A2CD-47BF-B57F-EAE80FF659EA} = {69ED0996-A380-47DC-9173-A20B1AF3F3B3}
		{B4DAAD08-A55F-4E8C-B10C-0EFFB8DF0990} = {F2695D78-3BB1-4525-ACBC-C9B00D59B76F}
		{DD9119AC-E3A9-443D-A187-42F28DFB7F5A} = {B4DAAD08-A55F-4E8C-B10C-0EFFB8DF0990}
		{2D4D4267-8FF9-4449-A0E7-C9E6BCCC0AD7} = {B4DAAD08-A55F-4E8C-B10C-0EFFB8DF0990}
		{AF795B35-3102-4F28-8AC1-80608F2011C6} = {0DA0C81C-99E9-4D47-A258-82FA0F1B712D}
		{9357F03E-8A6F-4A19-9D09-723DF4B1E1CD} = {A4C6AE27-BC6F-4465-BFF5-105CAC5C1A0B}
	EndGlobalSection
	GlobalSection(ExtensibilityGlobals) = postSolution
		SolutionGuid = {F663BD7A-1268-4B4C-862D-35DA31F085E9}
	EndGlobalSection
EndGlobal
